
Microsoft Visual Studio Solution File, Format Version 12.00
# Visual Studio 15
Project("{FAE04EC0-301F-11D3-BF4B-00C04F79EFBC}") = "UniRx", "UniRx.csproj", "{076E2071-4C4D-498E-2DFA-E614822C2C7D}"
EndProject
Project("{FAE04EC0-301F-11D3-BF4B-00C04F79EFBC}") = "UniRx.Examples", "UniRx.Examples.csproj", "{8E5A7E49-B68D-1263-4F79-0903172012A0}"
EndProject
Project("{FAE04EC0-301F-11D3-BF4B-00C04F79EFBC}") = "Assembly-CSharp", "Assembly-CSharp.csproj", "{8EB1BB1B-F501-508D-5C03-C37147454AF6}"
EndProject
Global
	GlobalSection(SolutionConfigurationPlatforms) = preSolution
		Debug|Any CPU = Debug|Any CPU
		Release|Any CPU = Release|Any CPU
	EndGlobalSection
	GlobalSection(ProjectConfigurationPlatforms) = postSolution
		{076E2071-4C4D-498E-2DFA-E614822C2C7D}.Debug|Any CPU.ActiveCfg = Debug|Any CPU
		{076E2071-4C4D-498E-2DFA-E614822C2C7D}.Debug|Any CPU.Build.0 = Debug|Any CPU
		{076E2071-4C4D-498E-2DFA-E614822C2C7D}.Release|Any CPU.ActiveCfg = Release|Any CPU
		{076E2071-4C4D-498E-2DFA-E614822C2C7D}.Release|Any CPU.Build.0 = Release|Any CPU
		{8E5A7E49-B68D-1263-4F79-0903172012A0}.Debug|Any CPU.ActiveCfg = Debug|Any CPU
		{8E5A7E49-B68D-1263-4F79-0903172012A0}.Debug|Any CPU.Build.0 = Debug|Any CPU
		{8E5A7E49-B68D-1263-4F79-0903172012A0}.Release|Any CPU.ActiveCfg = Release|Any CPU
		{8E5A7E49-B68D-1263-4F79-0903172012A0}.Release|Any CPU.Build.0 = Release|Any CPU
		{8EB1BB1B-F501-508D-5C03-C37147454AF6}.Debug|Any CPU.ActiveCfg = Debug|Any CPU
		{8EB1BB1B-F501-508D-5C03-C37147454AF6}.Debug|Any CPU.Build.0 = Debug|Any CPU
		{8EB1BB1B-F501-508D-5C03-C37147454AF6}.Release|Any CPU.ActiveCfg = Release|Any CPU
		{8EB1BB1B-F501-508D-5C03-C37147454AF6}.Release|Any CPU.Build.0 = Release|Any CPU
	EndGlobalSection
	GlobalSection(SolutionProperties) = preSolution
		HideSolutionNode = FALSE
	EndGlobalSection
EndGlobal
